
Microsoft Visual Studio Solution File, Format Version 12.00
# Visual Studio 2012
Project("{FAE04EC0-301F-11D3-BF4B-00C04F79EFBC}") = "Tab 2 d", "Tab 2 d\Tab 2 d.csproj", "{993AA0BB-4C9F-4874-B409-28F765E1E163}"
EndProject
Global
	GlobalSection(SolutionConfigurationPlatforms) = preSolution
		Debug|Any CPU = Debug|Any CPU
		Release|Any CPU = Release|Any CPU
	EndGlobalSection
	GlobalSection(ProjectConfigurationPlatforms) = postSolution
		{993AA0BB-4C9F-4874-B409-28F765E1E163}.Debug|Any CPU.ActiveCfg = Debug|Any CPU
		{993AA0BB-4C9F-4874-B409-28F765E1E163}.Debug|Any CPU.Build.0 = Debug|Any CPU
		{993AA0BB-4C9F-4874-B409-28F765E1E163}.Release|Any CPU.ActiveCfg = Release|Any CPU
		{993AA0BB-4C9F-4874-B409-28F765E1E163}.Release|Any CPU.Build.0 = Release|Any CPU
	EndGlobalSection
	GlobalSection(SolutionProperties) = preSolution
		HideSolutionNode = FALSE
	EndGlobalSection
EndGlobal
