
Microsoft Visual Studio Solution File, Format Version 12.00
# Visual Studio 2012
Project("{FAE04EC0-301F-11D3-BF4B-00C04F79EFBC}") = "Merge", "Merge\Merge.csproj", "{8C3C21F0-16A2-44DD-834E-5BA6A1BD6F64}"
EndProject
Global
	GlobalSection(SolutionConfigurationPlatforms) = preSolution
		Debug|Any CPU = Debug|Any CPU
		Release|Any CPU = Release|Any CPU
	EndGlobalSection
	GlobalSection(ProjectConfigurationPlatforms) = postSolution
		{8C3C21F0-16A2-44DD-834E-5BA6A1BD6F64}.Debug|Any CPU.ActiveCfg = Debug|Any CPU
		{8C3C21F0-16A2-44DD-834E-5BA6A1BD6F64}.Debug|Any CPU.Build.0 = Debug|Any CPU
		{8C3C21F0-16A2-44DD-834E-5BA6A1BD6F64}.Release|Any CPU.ActiveCfg = Release|Any CPU
		{8C3C21F0-16A2-44DD-834E-5BA6A1BD6F64}.Release|Any CPU.Build.0 = Release|Any CPU
	EndGlobalSection
	GlobalSection(SolutionProperties) = preSolution
		HideSolutionNode = FALSE
	EndGlobalSection
EndGlobal
